
Microsoft Visual Studio Solution File, Format Version 10.00
# Visual Studio 2008
Project("{FAE04EC0-301F-11D3-BF4B-00C04F79EFBC}") = "MeasurementStudio", "MeasurementStudio\MeasurementStudio.csproj", "{1362D5F2-BDF7-4DF3-A880-F32FD34FFDE4}"
EndProject
Project("{FAE04EC0-301F-11D3-BF4B-00C04F79EFBC}") = "Common", "Common\Common.csproj", "{BF8B520F-F376-4B06-85C7-E44DA326F7BD}"
EndProject
Project("{FAE04EC0-301F-11D3-BF4B-00C04F79EFBC}") = "B7_78_Experiment", "B7_78_Experiment\B7_78_Experiment.csproj", "{3ED6B361-67E6-4017-8356-9E43F9CB9695}"
EndProject
Project("{FAE04EC0-301F-11D3-BF4B-00C04F79EFBC}") = "AppaMultimeter", "APPA_Multimeter\AppaMultimeter.csproj", "{9E0EC04F-2C24-41E9-AC1E-59ECC89FF873}"
EndProject
Project("{FAE04EC0-301F-11D3-BF4B-00C04F79EFBC}") = "Voltmeter", "Voltmeter\Voltmeter.csproj", "{FEEE2BD2-8DCE-4F2B-B425-B76AB1568623}"
EndProject
Project("{FAE04EC0-301F-11D3-BF4B-00C04F79EFBC}") = "Stub_Experiment", "Stub_Experiment\Stub_Experiment.csproj", "{B3A96DAF-EBD6-4902-A4A5-0C68B5A59A61}"
EndProject
Project("{2150E333-8FDC-42A3-9474-1A3956D46DE8}") = "Solution Items", "Solution Items", "{81855D5A-F7B3-4470-B856-E128CF685EEE}"
	ProjectSection(SolutionItems) = preProject
		C:\Users\PC\Documents\MeasurementStudio.eap = C:\Users\PC\Documents\MeasurementStudio.eap
	EndProjectSection
EndProject
Project("{FAE04EC0-301F-11D3-BF4B-00C04F79EFBC}") = "AppInstaller", "Installer\AppInstaller.csproj", "{07D330E9-54BB-4492-82BD-95424625B4A0}"
EndProject
Project("{2150E333-8FDC-42A3-9474-1A3956D46DE8}") = "Plugins", "Plugins", "{830FE058-43B8-4B2D-99BE-D353D39A7A10}"
EndProject
Project("{2150E333-8FDC-42A3-9474-1A3956D46DE8}") = "Components", "Components", "{375C20BF-9E16-482B-8F79-09A0E1A90523}"
EndProject
Project("{FAE04EC0-301F-11D3-BF4B-00C04F79EFBC}") = "Two_B7_78_Experiment", "Two_B7_78_Experiment\Two_B7_78_Experiment.csproj", "{89FAF8EB-FCB5-4E3B-8293-E148E9AF3043}"
EndProject
Project("{FAE04EC0-301F-11D3-BF4B-00C04F79EFBC}") = "B7_78_and_APPA_109_Experiment", "B7_78_and_APPA_109_Experiment\B7_78_and_APPA_109_Experiment.csproj", "{9041F3D6-693E-4474-98F6-E32C76B5B4F5}"
EndProject
Global
	GlobalSection(SolutionConfigurationPlatforms) = preSolution
		Debug|Any CPU = Debug|Any CPU
		Release|Any CPU = Release|Any CPU
	EndGlobalSection
	GlobalSection(ProjectConfigurationPlatforms) = postSolution
		{1362D5F2-BDF7-4DF3-A880-F32FD34FFDE4}.Debug|Any CPU.ActiveCfg = Debug|Any CPU
		{1362D5F2-BDF7-4DF3-A880-F32FD34FFDE4}.Debug|Any CPU.Build.0 = Debug|Any CPU
		{1362D5F2-BDF7-4DF3-A880-F32FD34FFDE4}.Release|Any CPU.ActiveCfg = Release|Any CPU
		{1362D5F2-BDF7-4DF3-A880-F32FD34FFDE4}.Release|Any CPU.Build.0 = Release|Any CPU
		{BF8B520F-F376-4B06-85C7-E44DA326F7BD}.Debug|Any CPU.ActiveCfg = Debug|Any CPU
		{BF8B520F-F376-4B06-85C7-E44DA326F7BD}.Debug|Any CPU.Build.0 = Debug|Any CPU
		{BF8B520F-F376-4B06-85C7-E44DA326F7BD}.Release|Any CPU.ActiveCfg = Release|Any CPU
		{BF8B520F-F376-4B06-85C7-E44DA326F7BD}.Release|Any CPU.Build.0 = Release|Any CPU
		{3ED6B361-67E6-4017-8356-9E43F9CB9695}.Debug|Any CPU.ActiveCfg = Debug|Any CPU
		{3ED6B361-67E6-4017-8356-9E43F9CB9695}.Debug|Any CPU.Build.0 = Debug|Any CPU
		{3ED6B361-67E6-4017-8356-9E43F9CB9695}.Release|Any CPU.ActiveCfg = Release|Any CPU
		{3ED6B361-67E6-4017-8356-9E43F9CB9695}.Release|Any CPU.Build.0 = Release|Any CPU
		{9E0EC04F-2C24-41E9-AC1E-59ECC89FF873}.Debug|Any CPU.ActiveCfg = Debug|Any CPU
		{9E0EC04F-2C24-41E9-AC1E-59ECC89FF873}.Debug|Any CPU.Build.0 = Debug|Any CPU
		{9E0EC04F-2C24-41E9-AC1E-59ECC89FF873}.Release|Any CPU.ActiveCfg = Release|Any CPU
		{9E0EC04F-2C24-41E9-AC1E-59ECC89FF873}.Release|Any CPU.Build.0 = Release|Any CPU
		{FEEE2BD2-8DCE-4F2B-B425-B76AB1568623}.Debug|Any CPU.ActiveCfg = Debug|Any CPU
		{FEEE2BD2-8DCE-4F2B-B425-B76AB1568623}.Debug|Any CPU.Build.0 = Debug|Any CPU
		{FEEE2BD2-8DCE-4F2B-B425-B76AB1568623}.Release|Any CPU.ActiveCfg = Release|Any CPU
		{FEEE2BD2-8DCE-4F2B-B425-B76AB1568623}.Release|Any CPU.Build.0 = Release|Any CPU
		{B3A96DAF-EBD6-4902-A4A5-0C68B5A59A61}.Debug|Any CPU.ActiveCfg = Debug|Any CPU
		{B3A96DAF-EBD6-4902-A4A5-0C68B5A59A61}.Debug|Any CPU.Build.0 = Debug|Any CPU
		{B3A96DAF-EBD6-4902-A4A5-0C68B5A59A61}.Release|Any CPU.ActiveCfg = Release|Any CPU
		{B3A96DAF-EBD6-4902-A4A5-0C68B5A59A61}.Release|Any CPU.Build.0 = Release|Any CPU
		{07D330E9-54BB-4492-82BD-95424625B4A0}.Debug|Any CPU.ActiveCfg = Debug|Any CPU
		{07D330E9-54BB-4492-82BD-95424625B4A0}.Debug|Any CPU.Build.0 = Debug|Any CPU
		{07D330E9-54BB-4492-82BD-95424625B4A0}.Release|Any CPU.ActiveCfg = Release|Any CPU
		{07D330E9-54BB-4492-82BD-95424625B4A0}.Release|Any CPU.Build.0 = Release|Any CPU
		{89FAF8EB-FCB5-4E3B-8293-E148E9AF3043}.Debug|Any CPU.ActiveCfg = Debug|Any CPU
		{89FAF8EB-FCB5-4E3B-8293-E148E9AF3043}.Debug|Any CPU.Build.0 = Debug|Any CPU
		{89FAF8EB-FCB5-4E3B-8293-E148E9AF3043}.Release|Any CPU.ActiveCfg = Release|Any CPU
		{89FAF8EB-FCB5-4E3B-8293-E148E9AF3043}.Release|Any CPU.Build.0 = Release|Any CPU
		{9041F3D6-693E-4474-98F6-E32C76B5B4F5}.Debug|Any CPU.ActiveCfg = Debug|Any CPU
		{9041F3D6-693E-4474-98F6-E32C76B5B4F5}.Debug|Any CPU.Build.0 = Debug|Any CPU
		{9041F3D6-693E-4474-98F6-E32C76B5B4F5}.Release|Any CPU.ActiveCfg = Release|Any CPU
		{9041F3D6-693E-4474-98F6-E32C76B5B4F5}.Release|Any CPU.Build.0 = Release|Any CPU
	EndGlobalSection
	GlobalSection(SolutionProperties) = preSolution
		HideSolutionNode = FALSE
	EndGlobalSection
	GlobalSection(NestedProjects) = preSolution
		{B3A96DAF-EBD6-4902-A4A5-0C68B5A59A61} = {830FE058-43B8-4B2D-99BE-D353D39A7A10}
		{3ED6B361-67E6-4017-8356-9E43F9CB9695} = {830FE058-43B8-4B2D-99BE-D353D39A7A10}
		{89FAF8EB-FCB5-4E3B-8293-E148E9AF3043} = {830FE058-43B8-4B2D-99BE-D353D39A7A10}
		{9041F3D6-693E-4474-98F6-E32C76B5B4F5} = {830FE058-43B8-4B2D-99BE-D353D39A7A10}
		{FEEE2BD2-8DCE-4F2B-B425-B76AB1568623} = {375C20BF-9E16-482B-8F79-09A0E1A90523}
		{9E0EC04F-2C24-41E9-AC1E-59ECC89FF873} = {375C20BF-9E16-482B-8F79-09A0E1A90523}
	EndGlobalSection
EndGlobal
